
Microsoft Visual Studio Solution File, Format Version 12.00
# Visual Studio 2012
Project("{8BC9CEB8-8B4A-11D0-8D11-00A0C91BC942}") = "ProgramDesign_Cplus", "ProgramDesign_Cplus\ProgramDesign_Cplus.vcxproj", "{3C244FB8-96A1-48A4-A933-8C1AC8E54057}"
EndProject
Project("{8BC9CEB8-8B4A-11D0-8D11-00A0C91BC942}") = "HelloWorldinASCII", "HelloWorldinASCII\HelloWorldinASCII.vcxproj", "{2BD65FC9-E85C-4846-B6A6-C2473FC3C14E}"
EndProject
Project("{8BC9CEB8-8B4A-11D0-8D11-00A0C91BC942}") = "AreaOfRound", "AreaOfRound\AreaOfRound.vcxproj", "{4CB7B353-8B02-4210-988B-F6ACB41BEA58}"
EndProject
Project("{8BC9CEB8-8B4A-11D0-8D11-00A0C91BC942}") = "SumNumber", "SumNumber\SumNumber.vcxproj", "{9C49611C-91DB-4E34-93F2-6118D6A21A0D}"
EndProject
Project("{8BC9CEB8-8B4A-11D0-8D11-00A0C91BC942}") = "NumInRange", "NumInRange\NumInRange.vcxproj", "{F0EDCBAA-B790-40C0-BBDC-D7B054BAFE71}"
EndProject
Project("{8BC9CEB8-8B4A-11D0-8D11-00A0C91BC942}") = "UnknownInput", "UnknownInput\UnknownInput.vcxproj", "{7AF5B0E3-62EF-4644-91E9-CBD52AEE0935}"
EndProject
Project("{8BC9CEB8-8B4A-11D0-8D11-00A0C91BC942}") = "Unsigned", "Unsigned\Unsigned.vcxproj", "{345D7F25-09D0-4070-9371-8F2F669FFF7D}"
EndProject
Project("{8BC9CEB8-8B4A-11D0-8D11-00A0C91BC942}") = "Reference", "Reference\Reference.vcxproj", "{F006A3BA-0AF9-4A76-971C-283BF88D9EDC}"
EndProject
Global
	GlobalSection(SolutionConfigurationPlatforms) = preSolution
		Debug|Win32 = Debug|Win32
		Release|Win32 = Release|Win32
	EndGlobalSection
	GlobalSection(ProjectConfigurationPlatforms) = postSolution
		{3C244FB8-96A1-48A4-A933-8C1AC8E54057}.Debug|Win32.ActiveCfg = Debug|Win32
		{3C244FB8-96A1-48A4-A933-8C1AC8E54057}.Debug|Win32.Build.0 = Debug|Win32
		{3C244FB8-96A1-48A4-A933-8C1AC8E54057}.Release|Win32.ActiveCfg = Release|Win32
		{3C244FB8-96A1-48A4-A933-8C1AC8E54057}.Release|Win32.Build.0 = Release|Win32
		{2BD65FC9-E85C-4846-B6A6-C2473FC3C14E}.Debug|Win32.ActiveCfg = Debug|Win32
		{2BD65FC9-E85C-4846-B6A6-C2473FC3C14E}.Debug|Win32.Build.0 = Debug|Win32
		{2BD65FC9-E85C-4846-B6A6-C2473FC3C14E}.Release|Win32.ActiveCfg = Release|Win32
		{2BD65FC9-E85C-4846-B6A6-C2473FC3C14E}.Release|Win32.Build.0 = Release|Win32
		{4CB7B353-8B02-4210-988B-F6ACB41BEA58}.Debug|Win32.ActiveCfg = Debug|Win32
		{4CB7B353-8B02-4210-988B-F6ACB41BEA58}.Debug|Win32.Build.0 = Debug|Win32
		{4CB7B353-8B02-4210-988B-F6ACB41BEA58}.Release|Win32.ActiveCfg = Release|Win32
		{4CB7B353-8B02-4210-988B-F6ACB41BEA58}.Release|Win32.Build.0 = Release|Win32
		{9C49611C-91DB-4E34-93F2-6118D6A21A0D}.Debug|Win32.ActiveCfg = Debug|Win32
		{9C49611C-91DB-4E34-93F2-6118D6A21A0D}.Debug|Win32.Build.0 = Debug|Win32
		{9C49611C-91DB-4E34-93F2-6118D6A21A0D}.Release|Win32.ActiveCfg = Release|Win32
		{9C49611C-91DB-4E34-93F2-6118D6A21A0D}.Release|Win32.Build.0 = Release|Win32
		{F0EDCBAA-B790-40C0-BBDC-D7B054BAFE71}.Debug|Win32.ActiveCfg = Debug|Win32
		{F0EDCBAA-B790-40C0-BBDC-D7B054BAFE71}.Debug|Win32.Build.0 = Debug|Win32
		{F0EDCBAA-B790-40C0-BBDC-D7B054BAFE71}.Release|Win32.ActiveCfg = Release|Win32
		{F0EDCBAA-B790-40C0-BBDC-D7B054BAFE71}.Release|Win32.Build.0 = Release|Win32
		{7AF5B0E3-62EF-4644-91E9-CBD52AEE0935}.Debug|Win32.ActiveCfg = Debug|Win32
		{7AF5B0E3-62EF-4644-91E9-CBD52AEE0935}.Debug|Win32.Build.0 = Debug|Win32
		{7AF5B0E3-62EF-4644-91E9-CBD52AEE0935}.Release|Win32.ActiveCfg = Release|Win32
		{7AF5B0E3-62EF-4644-91E9-CBD52AEE0935}.Release|Win32.Build.0 = Release|Win32
		{345D7F25-09D0-4070-9371-8F2F669FFF7D}.Debug|Win32.ActiveCfg = Debug|Win32
		{345D7F25-09D0-4070-9371-8F2F669FFF7D}.Debug|Win32.Build.0 = Debug|Win32
		{345D7F25-09D0-4070-9371-8F2F669FFF7D}.Release|Win32.ActiveCfg = Release|Win32
		{345D7F25-09D0-4070-9371-8F2F669FFF7D}.Release|Win32.Build.0 = Release|Win32
		{F006A3BA-0AF9-4A76-971C-283BF88D9EDC}.Debug|Win32.ActiveCfg = Debug|Win32
		{F006A3BA-0AF9-4A76-971C-283BF88D9EDC}.Debug|Win32.Build.0 = Debug|Win32
		{F006A3BA-0AF9-4A76-971C-283BF88D9EDC}.Release|Win32.ActiveCfg = Release|Win32
		{F006A3BA-0AF9-4A76-971C-283BF88D9EDC}.Release|Win32.Build.0 = Release|Win32
	EndGlobalSection
	GlobalSection(SolutionProperties) = preSolution
		HideSolutionNode = FALSE
	EndGlobalSection
EndGlobal
